
Microsoft Visual Studio Solution File, Format Version 12.00
# Visual Studio Version 17
VisualStudioVersion = 17.6.33723.286
MinimumVisualStudioVersion = 10.0.40219.1
Project("{9A19103F-16F7-4668-BE54-9A1E7A4F7556}") = "Ads.Data", "Ads.Data\Ads.Data.csproj", "{A7E4DB93-37C2-4F5D-A9DB-DB54A9FC69BE}"
EndProject
Project("{9A19103F-16F7-4668-BE54-9A1E7A4F7556}") = "Ads.Services", "Ads.Services\Ads.Services.csproj", "{904D7B23-AB90-407B-964F-BFEE7F6BE0C2}"
EndProject
Project("{9A19103F-16F7-4668-BE54-9A1E7A4F7556}") = "Ads.Web.Mvc", "..\..\..\..\..\Desktop\AspNetMvcAds\Ads.Web.Mvc\Ads.Web.Mvc.csproj", "{73A94FCF-BF0C-4F06-BA0B-EC6977907628}"
EndProject
Global
	GlobalSection(SolutionConfigurationPlatforms) = preSolution
		Debug|Any CPU = Debug|Any CPU
		Release|Any CPU = Release|Any CPU
	EndGlobalSection
	GlobalSection(ProjectConfigurationPlatforms) = postSolution
		{A7E4DB93-37C2-4F5D-A9DB-DB54A9FC69BE}.Debug|Any CPU.ActiveCfg = Debug|Any CPU
		{A7E4DB93-37C2-4F5D-A9DB-DB54A9FC69BE}.Debug|Any CPU.Build.0 = Debug|Any CPU
		{A7E4DB93-37C2-4F5D-A9DB-DB54A9FC69BE}.Release|Any CPU.ActiveCfg = Release|Any CPU
		{A7E4DB93-37C2-4F5D-A9DB-DB54A9FC69BE}.Release|Any CPU.Build.0 = Release|Any CPU
		{904D7B23-AB90-407B-964F-BFEE7F6BE0C2}.Debug|Any CPU.ActiveCfg = Debug|Any CPU
		{904D7B23-AB90-407B-964F-BFEE7F6BE0C2}.Debug|Any CPU.Build.0 = Debug|Any CPU
		{904D7B23-AB90-407B-964F-BFEE7F6BE0C2}.Release|Any CPU.ActiveCfg = Release|Any CPU
		{904D7B23-AB90-407B-964F-BFEE7F6BE0C2}.Release|Any CPU.Build.0 = Release|Any CPU
		{73A94FCF-BF0C-4F06-BA0B-EC6977907628}.Debug|Any CPU.ActiveCfg = Debug|Any CPU
		{73A94FCF-BF0C-4F06-BA0B-EC6977907628}.Debug|Any CPU.Build.0 = Debug|Any CPU
		{73A94FCF-BF0C-4F06-BA0B-EC6977907628}.Release|Any CPU.ActiveCfg = Release|Any CPU
		{73A94FCF-BF0C-4F06-BA0B-EC6977907628}.Release|Any CPU.Build.0 = Release|Any CPU
	EndGlobalSection
	GlobalSection(SolutionProperties) = preSolution
		HideSolutionNode = FALSE
	EndGlobalSection
	GlobalSection(ExtensibilityGlobals) = postSolution
		SolutionGuid = {1B67ED4A-5E04-4F0D-80B8-CAF6BE1DD803}
	EndGlobalSection
EndGlobal
